
Microsoft Visual Studio Solution File, Format Version 12.00
# Visual Studio Version 17
VisualStudioVersion = 17.7.34202.233
MinimumVisualStudioVersion = 10.0.40219.1
Project("{FAE04EC0-301F-11D3-BF4B-00C04F79EFBC}") = "RestEx", "RestEx\RestEx.csproj", "{39AE8805-455D-4231-ACD6-5BB506668490}"
EndProject
Global
	GlobalSection(SolutionConfigurationPlatforms) = preSolution
		Debug|Any CPU = Debug|Any CPU
		Release|Any CPU = Release|Any CPU
	EndGlobalSection
	GlobalSection(ProjectConfigurationPlatforms) = postSolution
		{39AE8805-455D-4231-ACD6-5BB506668490}.Debug|Any CPU.ActiveCfg = Debug|Any CPU
		{39AE8805-455D-4231-ACD6-5BB506668490}.Debug|Any CPU.Build.0 = Debug|Any CPU
		{39AE8805-455D-4231-ACD6-5BB506668490}.Release|Any CPU.ActiveCfg = Release|Any CPU
		{39AE8805-455D-4231-ACD6-5BB506668490}.Release|Any CPU.Build.0 = Release|Any CPU
	EndGlobalSection
	GlobalSection(SolutionProperties) = preSolution
		HideSolutionNode = FALSE
	EndGlobalSection
	GlobalSection(ExtensibilityGlobals) = postSolution
		SolutionGuid = {EDA95A29-4F57-4E32-950F-678419CCE2BE}
	EndGlobalSection
EndGlobal
